
Microsoft Visual Studio Solution File, Format Version 12.00
# Visual Studio Version 17
VisualStudioVersion = 17.5.002.0
MinimumVisualStudioVersion = 10.0.40219.1
Project("{9A19103F-16F7-4668-BE54-9A1E7A4F7556}") = "buoi14_bt_oop_kethua_dahinh", "buoi14_bt_oop_kethua_dahinh.csproj", "{4EAB608D-3953-4338-BF15-32756B321DC1}"
EndProject
Global
	GlobalSection(SolutionConfigurationPlatforms) = preSolution
		Debug|Any CPU = Debug|Any CPU
		Release|Any CPU = Release|Any CPU
	EndGlobalSection
	GlobalSection(ProjectConfigurationPlatforms) = postSolution
		{4EAB608D-3953-4338-BF15-32756B321DC1}.Debug|Any CPU.ActiveCfg = Debug|Any CPU
		{4EAB608D-3953-4338-BF15-32756B321DC1}.Debug|Any CPU.Build.0 = Debug|Any CPU
		{4EAB608D-3953-4338-BF15-32756B321DC1}.Release|Any CPU.ActiveCfg = Release|Any CPU
		{4EAB608D-3953-4338-BF15-32756B321DC1}.Release|Any CPU.Build.0 = Release|Any CPU
	EndGlobalSection
	GlobalSection(SolutionProperties) = preSolution
		HideSolutionNode = FALSE
	EndGlobalSection
	GlobalSection(ExtensibilityGlobals) = postSolution
		SolutionGuid = {1300605F-4611-4D7C-B73E-16914F234F87}
	EndGlobalSection
EndGlobal
